
Microsoft Visual Studio Solution File, Format Version 12.00
# Visual Studio Version 17
VisualStudioVersion = 17.8.34330.188
MinimumVisualStudioVersion = 10.0.40219.1
Project("{FAE04EC0-301F-11D3-BF4B-00C04F79EFBC}") = "Vehicle", "Vehicle\Vehicle.csproj", "{18CA3586-BC48-49A6-BBE7-A76FE9B0EBAE}"
EndProject
Global
	GlobalSection(SolutionConfigurationPlatforms) = preSolution
		Debug|Any CPU = Debug|Any CPU
		Release|Any CPU = Release|Any CPU
	EndGlobalSection
	GlobalSection(ProjectConfigurationPlatforms) = postSolution
		{18CA3586-BC48-49A6-BBE7-A76FE9B0EBAE}.Debug|Any CPU.ActiveCfg = Debug|Any CPU
		{18CA3586-BC48-49A6-BBE7-A76FE9B0EBAE}.Debug|Any CPU.Build.0 = Debug|Any CPU
		{18CA3586-BC48-49A6-BBE7-A76FE9B0EBAE}.Release|Any CPU.ActiveCfg = Release|Any CPU
		{18CA3586-BC48-49A6-BBE7-A76FE9B0EBAE}.Release|Any CPU.Build.0 = Release|Any CPU
	EndGlobalSection
	GlobalSection(SolutionProperties) = preSolution
		HideSolutionNode = FALSE
	EndGlobalSection
	GlobalSection(ExtensibilityGlobals) = postSolution
		SolutionGuid = {FB518B69-2625-4C33-9B2E-110D3F2BCEF6}
	EndGlobalSection
EndGlobal
